
Microsoft Visual Studio Solution File, Format Version 12.00
# Visual Studio Version 16
VisualStudioVersion = 16.0.33801.447
MinimumVisualStudioVersion = 10.0.40219.1
Project("{FAE04EC0-301F-11D3-BF4B-00C04F79EFBC}") = "EShopAdminApplication", "EShopAdminApplication\EShopAdminApplication.csproj", "{30DDBFF5-2C25-475C-8BFE-B1DE2FC53FAA}"
EndProject
Global
	GlobalSection(SolutionConfigurationPlatforms) = preSolution
		Debug|Any CPU = Debug|Any CPU
		Release|Any CPU = Release|Any CPU
	EndGlobalSection
	GlobalSection(ProjectConfigurationPlatforms) = postSolution
		{30DDBFF5-2C25-475C-8BFE-B1DE2FC53FAA}.Debug|Any CPU.ActiveCfg = Debug|Any CPU
		{30DDBFF5-2C25-475C-8BFE-B1DE2FC53FAA}.Debug|Any CPU.Build.0 = Debug|Any CPU
		{30DDBFF5-2C25-475C-8BFE-B1DE2FC53FAA}.Release|Any CPU.ActiveCfg = Release|Any CPU
		{30DDBFF5-2C25-475C-8BFE-B1DE2FC53FAA}.Release|Any CPU.Build.0 = Release|Any CPU
	EndGlobalSection
	GlobalSection(SolutionProperties) = preSolution
		HideSolutionNode = FALSE
	EndGlobalSection
	GlobalSection(ExtensibilityGlobals) = postSolution
		SolutionGuid = {84D4A99D-B26F-4A77-83C8-955FBD710707}
	EndGlobalSection
EndGlobal
